
Microsoft Visual Studio Solution File, Format Version 12.00
# Visual Studio 15
VisualStudioVersion = 15.0.27130.2026
MinimumVisualStudioVersion = 10.0.40219.1
Project("{FAE04EC0-301F-11D3-BF4B-00C04F79EFBC}") = "ConsoleApp1", "ConsoleApp1\ConsoleApp1.csproj", "{FDD2D177-989D-452A-89DC-6093241CB88E}"
EndProject
Project("{FAE04EC0-301F-11D3-BF4B-00C04F79EFBC}") = "ConsoleApp1Tests", "ConsoleApp1Tests\ConsoleApp1Tests.csproj", "{88E288EF-B76D-4A26-9091-7646CCF3B105}"
EndProject
Global
	GlobalSection(SolutionConfigurationPlatforms) = preSolution
		Debug|Any CPU = Debug|Any CPU
		Release|Any CPU = Release|Any CPU
	EndGlobalSection
	GlobalSection(ProjectConfigurationPlatforms) = postSolution
		{FDD2D177-989D-452A-89DC-6093241CB88E}.Debug|Any CPU.ActiveCfg = Debug|Any CPU
		{FDD2D177-989D-452A-89DC-6093241CB88E}.Debug|Any CPU.Build.0 = Debug|Any CPU
		{FDD2D177-989D-452A-89DC-6093241CB88E}.Release|Any CPU.ActiveCfg = Release|Any CPU
		{FDD2D177-989D-452A-89DC-6093241CB88E}.Release|Any CPU.Build.0 = Release|Any CPU
		{88E288EF-B76D-4A26-9091-7646CCF3B105}.Debug|Any CPU.ActiveCfg = Debug|Any CPU
		{88E288EF-B76D-4A26-9091-7646CCF3B105}.Debug|Any CPU.Build.0 = Debug|Any CPU
		{88E288EF-B76D-4A26-9091-7646CCF3B105}.Release|Any CPU.ActiveCfg = Release|Any CPU
		{88E288EF-B76D-4A26-9091-7646CCF3B105}.Release|Any CPU.Build.0 = Release|Any CPU
	EndGlobalSection
	GlobalSection(SolutionProperties) = preSolution
		HideSolutionNode = FALSE
	EndGlobalSection
	GlobalSection(ExtensibilityGlobals) = postSolution
		SolutionGuid = {2D47E458-7AB8-4F6D-B69A-B698489E2C91}
	EndGlobalSection
EndGlobal
